
Microsoft Visual Studio Solution File, Format Version 12.00
# Visual Studio Version 17
VisualStudioVersion = 17.1.32421.90
MinimumVisualStudioVersion = 10.0.40219.1
Project("{FAE04EC0-301F-11D3-BF4B-00C04F79EFBC}") = "StudentsTest", "StudentsTest\StudentsTest.csproj", "{08205AEA-3527-4974-AAB6-516EBE745A95}"
EndProject
Project("{FAE04EC0-301F-11D3-BF4B-00C04F79EFBC}") = "StudentsTest.DataAccess", "StudentsTest.DataAccess\StudentsTest.DataAccess.csproj", "{FC0E4E0E-1C67-4AD5-9617-D58C9BA307A0}"
EndProject
Project("{FAE04EC0-301F-11D3-BF4B-00C04F79EFBC}") = "StudentsTest.Core", "StudentsTest.Core\StudentsTest.Core.csproj", "{0A2C67B6-26C5-4E0B-BBF9-4DD263D670DF}"
EndProject
Global
	GlobalSection(SolutionConfigurationPlatforms) = preSolution
		Debug|Any CPU = Debug|Any CPU
		Release|Any CPU = Release|Any CPU
	EndGlobalSection
	GlobalSection(ProjectConfigurationPlatforms) = postSolution
		{08205AEA-3527-4974-AAB6-516EBE745A95}.Debug|Any CPU.ActiveCfg = Debug|Any CPU
		{08205AEA-3527-4974-AAB6-516EBE745A95}.Debug|Any CPU.Build.0 = Debug|Any CPU
		{08205AEA-3527-4974-AAB6-516EBE745A95}.Release|Any CPU.ActiveCfg = Release|Any CPU
		{08205AEA-3527-4974-AAB6-516EBE745A95}.Release|Any CPU.Build.0 = Release|Any CPU
		{FC0E4E0E-1C67-4AD5-9617-D58C9BA307A0}.Debug|Any CPU.ActiveCfg = Debug|Any CPU
		{FC0E4E0E-1C67-4AD5-9617-D58C9BA307A0}.Debug|Any CPU.Build.0 = Debug|Any CPU
		{FC0E4E0E-1C67-4AD5-9617-D58C9BA307A0}.Release|Any CPU.ActiveCfg = Release|Any CPU
		{FC0E4E0E-1C67-4AD5-9617-D58C9BA307A0}.Release|Any CPU.Build.0 = Release|Any CPU
		{0A2C67B6-26C5-4E0B-BBF9-4DD263D670DF}.Debug|Any CPU.ActiveCfg = Debug|Any CPU
		{0A2C67B6-26C5-4E0B-BBF9-4DD263D670DF}.Debug|Any CPU.Build.0 = Debug|Any CPU
		{0A2C67B6-26C5-4E0B-BBF9-4DD263D670DF}.Release|Any CPU.ActiveCfg = Release|Any CPU
		{0A2C67B6-26C5-4E0B-BBF9-4DD263D670DF}.Release|Any CPU.Build.0 = Release|Any CPU
	EndGlobalSection
	GlobalSection(SolutionProperties) = preSolution
		HideSolutionNode = FALSE
	EndGlobalSection
	GlobalSection(ExtensibilityGlobals) = postSolution
		SolutionGuid = {E75D3633-F17C-45C0-9C57-14DB445F67BF}
	EndGlobalSection
EndGlobal
